<Solution>
  <Folder Name="/Solution Items/">
    <File Path=".editorconfig" />
    <File Path=".github/dependabot.yml" />
    <File Path=".github/workflows/ci.yml" />
    <File Path=".gitignore" />
    <File Path="Directory.Build.props" />
    <File Path="Directory.Packages.props" />
    <File Path="global.json" />
    <File Path="nuget.config" />
    <File Path="README.md" />
  </Folder>
  <Project Path="src/Publicizer.Tests/Publicizer.Tests.csproj" />
  <Project Path="src/Publicizer.E2ETests/Publicizer.E2ETests.csproj" />
  <Project Path="src/Publicizer/Publicizer.csproj" />
</Solution>
